
Microsoft Visual Studio Solution File, Format Version 12.00
# Visual Studio Version 17
VisualStudioVersion = 17.13.35919.96 d17.13
MinimumVisualStudioVersion = 10.0.40219.1
Project("{FAE04EC0-301F-11D3-BF4B-00C04F79EFBC}") = "Tuan-3_DoTrungKien", "Tuan-3_DoTrungKien\Tuan-3_DoTrungKien.csproj", "{A055FF72-3742-412F-BCE1-F33A957F5CDB}"
EndProject
Global
	GlobalSection(SolutionConfigurationPlatforms) = preSolution
		Debug|Any CPU = Debug|Any CPU
		Release|Any CPU = Release|Any CPU
	EndGlobalSection
	GlobalSection(ProjectConfigurationPlatforms) = postSolution
		{A055FF72-3742-412F-BCE1-F33A957F5CDB}.Debug|Any CPU.ActiveCfg = Debug|Any CPU
		{A055FF72-3742-412F-BCE1-F33A957F5CDB}.Debug|Any CPU.Build.0 = Debug|Any CPU
		{A055FF72-3742-412F-BCE1-F33A957F5CDB}.Release|Any CPU.ActiveCfg = Release|Any CPU
		{A055FF72-3742-412F-BCE1-F33A957F5CDB}.Release|Any CPU.Build.0 = Release|Any CPU
	EndGlobalSection
	GlobalSection(SolutionProperties) = preSolution
		HideSolutionNode = FALSE
	EndGlobalSection
	GlobalSection(ExtensibilityGlobals) = postSolution
		SolutionGuid = {0D713971-B206-4D32-8E08-CE8FC7A23D23}
	EndGlobalSection
EndGlobal
